{
  "nodes": {
    "gen-algebra": {
      "locked": {
        "lastModified": 1791104464,
        "narHash": "sha256-pkYZTc9u4MUU1q6coKX15+94oAB9rFje2JPFQVs2b48=",
        "owner": "sini",
        "repo": "gen-algebra",
        "rev": "efd05c8256d5daec883702d64da5b548f0543042",
        "type": "github"
      },
      "original": {
        "owner": "sini",
        "repo": "gen-algebra",
        "type": "github"
      }
    },
    "gen-algebra_2": {
      "locked": {
        "lastModified": 1791104464,
        "narHash": "sha256-pkYZTc9u4MUU1q6coKX15+94oAB9rFje2JPFQVs2b48=",
        "owner": "sini",
        "repo": "gen-algebra",
        "rev": "efd05c8256d5daec883702d64da5b548f0543042",
        "type": "github"
      },
      "original": {
        "owner": "sini",
        "repo": "gen-algebra",
        "type": "github"
      }
    },
    "gen-algebra_3": {
      "locked": {
        "lastModified": 1791104464,
        "narHash": "sha256-pkYZTc9u4MUU1q6coKX15+94oAB9rFje2JPFQVs2b48=",
        "owner": "sini",
        "repo": "gen-algebra",
        "rev": "efd05c8256d5daec883702d64da5b548f0543042",
        "type": "github"
      },
      "original": {
        "owner": "sini",
        "repo": "gen-algebra",
        "type": "github"
      }
    },
    "gen-algebra_4": {
      "locked": {
        "lastModified": 1791104464,
        "narHash": "sha256-pkYZTc9u4MUU1q6coKX15+94oAB9rFje2JPFQVs2b48=",
        "owner": "sini",
        "repo": "gen-algebra",
        "rev": "efd05c8256d5daec883702d64da5b548f0543042",
        "type": "github"
      },
      "original": {
        "owner": "sini",
        "repo": "gen-algebra",
        "type": "github"
      }
    },
    "gen-algebra_5": {
      "locked": {
        "lastModified": 1791104464,
        "narHash": "sha256-pkYZTc9u4MUU1q6coKX15+94oAB9rFje2JPFQVs2b48=",
        "owner": "sini",
        "repo": "gen-algebra",
        "rev": "efd05c8256d5daec883702d64da5b548f0543042",
        "type": "github"
      },
      "original": {
        "owner": "sini",
        "repo": "gen-algebra",
        "type": "github"
      }
    },
    "gen-aspects": {
      "inputs": {
        "gen-algebra": "gen-algebra_2",
        "gen-identity": [
          "gen-identity"
        ],
        "gen-merge": "gen-merge",
        "gen-prelude": "gen-prelude_7",
        "gen-schema": [
          "gen-schema"
        ]
      },
      "locked": {
        "lastModified": 1791117542,
        "narHash": "sha256-WWjVL1fqjf6pHoFauJj7OWyma1b7lYEcCONIXik7gi0=",
        "owner": "sini",
        "repo": "gen-aspects",
        "rev": "f16b85641416e1af277aa7cdbfafb0054ce1d7f8",
        "type": "github"
      },
      "original": {
        "owner": "sini",
        "repo": "gen-aspects",
        "type": "github"
      }
    },
    "gen-graph": {
      "inputs": {
        "gen-prelude": "gen-prelude"
      },
      "locked": {
        "lastModified": 1791110803,
        "narHash": "sha256-y6EPpJlZmrv8CCL3CsEIfNGnS3Xs8RgAQHzeauouwDE=",
        "owner": "sini",
        "repo": "gen-graph",
        "rev": "ce977b5576f938a2486bfb63a8580a7375d3834f",
        "type": "github"
      },
      "original": {
        "owner": "sini",
        "repo": "gen-graph",
        "type": "github"
      }
    },
    "gen-graph_2": {
      "inputs": {
        "gen-prelude": "gen-prelude_4"
      },
      "locked": {
        "lastModified": 1791110803,
        "narHash": "sha256-y6EPpJlZmrv8CCL3CsEIfNGnS3Xs8RgAQHzeauouwDE=",
        "owner": "sini",
        "repo": "gen-graph",
        "rev": "ce977b5576f938a2486bfb63a8580a7375d3834f",
        "type": "github"
      },
      "original": {
        "owner": "sini",
        "repo": "gen-graph",
        "type": "github"
      }
    },
    "gen-graph_3": {
      "inputs": {
        "gen-prelude": [
          "gen-schema",
          "gen-prelude"
        ]
      },
      "locked": {
        "lastModified": 1791110803,
        "narHash": "sha256-y6EPpJlZmrv8CCL3CsEIfNGnS3Xs8RgAQHzeauouwDE=",
        "owner": "sini",
        "repo": "gen-graph",
        "rev": "ce977b5576f938a2486bfb63a8580a7375d3834f",
        "type": "github"
      },
      "original": {
        "owner": "sini",
        "repo": "gen-graph",
        "type": "github"
      }
    },
    "gen-graph_4": {
      "inputs": {
        "gen-prelude": "gen-prelude_9"
      },
      "locked": {
        "lastModified": 1791110803,
        "narHash": "sha256-y6EPpJlZmrv8CCL3CsEIfNGnS3Xs8RgAQHzeauouwDE=",
        "owner": "sini",
        "repo": "gen-graph",
        "rev": "ce977b5576f938a2486bfb63a8580a7375d3834f",
        "type": "github"
      },
      "original": {
        "owner": "sini",
        "repo": "gen-graph",
        "type": "github"
      }
    },
    "gen-graph_5": {
      "inputs": {
        "gen-prelude": "gen-prelude_12"
      },
      "locked": {
        "lastModified": 1791110803,
        "narHash": "sha256-y6EPpJlZmrv8CCL3CsEIfNGnS3Xs8RgAQHzeauouwDE=",
        "owner": "sini",
        "repo": "gen-graph",
        "rev": "ce977b5576f938a2486bfb63a8580a7375d3834f",
        "type": "github"
      },
      "original": {
        "owner": "sini",
        "repo": "gen-graph",
        "type": "github"
      }
    },
    "gen-graph_6": {
      "inputs": {
        "gen-prelude": "gen-prelude_16"
      },
      "locked": {
        "lastModified": 1791110803,
        "narHash": "sha256-y6EPpJlZmrv8CCL3CsEIfNGnS3Xs8RgAQHzeauouwDE=",
        "owner": "sini",
        "repo": "gen-graph",
        "rev": "ce977b5576f938a2486bfb63a8580a7375d3834f",
        "type": "github"
      },
      "original": {
        "owner": "sini",
        "repo": "gen-graph",
        "type": "github"
      }
    },
    "gen-graph_7": {
      "inputs": {
        "gen-prelude": [
          "gen-view",
          "gen-prelude"
        ]
      },
      "locked": {
        "lastModified": 1791110803,
        "narHash": "sha256-y6EPpJlZmrv8CCL3CsEIfNGnS3Xs8RgAQHzeauouwDE=",
        "owner": "sini",
        "repo": "gen-graph",
        "rev": "ce977b5576f938a2486bfb63a8580a7375d3834f",
        "type": "github"
      },
      "original": {
        "owner": "sini",
        "repo": "gen-graph",
        "type": "github"
      }
    },
    "gen-identity": {
      "locked": {
        "lastModified": 1791084713,
        "narHash": "sha256-f3xTsqlcxjVDci18Fm2TGeTT1VzVzeJb8pdm2UsCApc=",
        "owner": "sini",
        "repo": "gen-identity",
        "rev": "e13b6905975483b3de2faa6b076ef6986e645d8a",
        "type": "github"
      },
      "original": {
        "owner": "sini",
        "repo": "gen-identity",
        "type": "github"
      }
    },
    "gen-identity_2": {
      "locked": {
        "lastModified": 1791084713,
        "narHash": "sha256-f3xTsqlcxjVDci18Fm2TGeTT1VzVzeJb8pdm2UsCApc=",
        "owner": "sini",
        "repo": "gen-identity",
        "rev": "e13b6905975483b3de2faa6b076ef6986e645d8a",
        "type": "github"
      },
      "original": {
        "owner": "sini",
        "repo": "gen-identity",
        "type": "github"
      }
    },
    "gen-identity_3": {
      "locked": {
        "lastModified": 1791084713,
        "narHash": "sha256-f3xTsqlcxjVDci18Fm2TGeTT1VzVzeJb8pdm2UsCApc=",
        "owner": "sini",
        "repo": "gen-identity",
        "rev": "e13b6905975483b3de2faa6b076ef6986e645d8a",
        "type": "github"
      },
      "original": {
        "owner": "sini",
        "repo": "gen-identity",
        "type": "github"
      }
    },
    "gen-identity_4": {
      "locked": {
        "lastModified": 1791084713,
        "narHash": "sha256-f3xTsqlcxjVDci18Fm2TGeTT1VzVzeJb8pdm2UsCApc=",
        "owner": "sini",
        "repo": "gen-identity",
        "rev": "e13b6905975483b3de2faa6b076ef6986e645d8a",
        "type": "github"
      },
      "original": {
        "owner": "sini",
        "repo": "gen-identity",
        "type": "github"
      }
    },
    "gen-identity_5": {
      "locked": {
        "lastModified": 1791084713,
        "narHash": "sha256-f3xTsqlcxjVDci18Fm2TGeTT1VzVzeJb8pdm2UsCApc=",
        "owner": "sini",
        "repo": "gen-identity",
        "rev": "e13b6905975483b3de2faa6b076ef6986e645d8a",
        "type": "github"
      },
      "original": {
        "owner": "sini",
        "repo": "gen-identity",
        "type": "github"
      }
    },
    "gen-memo": {
      "inputs": {
        "gen-graph": "gen-graph",
        "gen-prelude": "gen-prelude_2"
      },
      "locked": {
        "lastModified": 1791110473,
        "narHash": "sha256-elKapg+4OJ100/PyrFqaGvHi+yYf8vyTlilRjWj37wo=",
        "owner": "sini",
        "repo": "gen-memo",
        "rev": "7efae0bf25f3366cb012786ef7743eae1576cff6",
        "type": "github"
      },
      "original": {
        "owner": "sini",
        "repo": "gen-memo",
        "type": "github"
      }
    },
    "gen-memo_2": {
      "inputs": {
        "gen-graph": "gen-graph_4",
        "gen-prelude": "gen-prelude_10"
      },
      "locked": {
        "lastModified": 1791110473,
        "narHash": "sha256-elKapg+4OJ100/PyrFqaGvHi+yYf8vyTlilRjWj37wo=",
        "owner": "sini",
        "repo": "gen-memo",
        "rev": "7efae0bf25f3366cb012786ef7743eae1576cff6",
        "type": "github"
      },
      "original": {
        "owner": "sini",
        "repo": "gen-memo",
        "type": "github"
      }
    },
    "gen-merge": {
      "inputs": {
        "gen-memo": "gen-memo",
        "gen-prelude": "gen-prelude_3",
        "gen-scope": "gen-scope",
        "gen-types": "gen-types"
      },
      "locked": {
        "lastModified": 1791117420,
        "narHash": "sha256-vADWLlN0oe+pweXYeQjxrl7QHmGW53ryNI4hPd5fGxA=",
        "owner": "sini",
        "repo": "gen-merge",
        "rev": "9cb3825fee5208260d1ae66503be855b570a47e6",
        "type": "github"
      },
      "original": {
        "owner": "sini",
        "repo": "gen-merge",
        "type": "github"
      }
    },
    "gen-merge_2": {
      "inputs": {
        "gen-memo": "gen-memo_2",
        "gen-prelude": "gen-prelude_11",
        "gen-scope": "gen-scope_2",
        "gen-types": "gen-types_2"
      },
      "locked": {
        "lastModified": 1791117420,
        "narHash": "sha256-vADWLlN0oe+pweXYeQjxrl7QHmGW53ryNI4hPd5fGxA=",
        "owner": "sini",
        "repo": "gen-merge",
        "rev": "9cb3825fee5208260d1ae66503be855b570a47e6",
        "type": "github"
      },
      "original": {
        "owner": "sini",
        "repo": "gen-merge",
        "type": "github"
      }
    },
    "gen-prelude": {
      "locked": {
        "lastModified": 1791109638,
        "narHash": "sha256-tieU6rXSP3w7wztA2uDESJhXxx5P+Kq54CiQGPjfZL8=",
        "owner": "sini",
        "repo": "gen-prelude",
        "rev": "ae1ce688234e53253462384be66c9f523cdf421e",
        "type": "github"
      },
      "original": {
        "owner": "sini",
        "repo": "gen-prelude",
        "type": "github"
      }
    },
    "gen-prelude_10": {
      "locked": {
        "lastModified": 1791109638,
        "narHash": "sha256-tieU6rXSP3w7wztA2uDESJhXxx5P+Kq54CiQGPjfZL8=",
        "owner": "sini",
        "repo": "gen-prelude",
        "rev": "ae1ce688234e53253462384be66c9f523cdf421e",
        "type": "github"
      },
      "original": {
        "owner": "sini",
        "repo": "gen-prelude",
        "type": "github"
      }
    },
    "gen-prelude_11": {
      "locked": {
        "lastModified": 1791109638,
        "narHash": "sha256-tieU6rXSP3w7wztA2uDESJhXxx5P+Kq54CiQGPjfZL8=",
        "owner": "sini",
        "repo": "gen-prelude",
        "rev": "ae1ce688234e53253462384be66c9f523cdf421e",
        "type": "github"
      },
      "original": {
        "owner": "sini",
        "repo": "gen-prelude",
        "type": "github"
      }
    },
    "gen-prelude_12": {
      "locked": {
        "lastModified": 1791109638,
        "narHash": "sha256-tieU6rXSP3w7wztA2uDESJhXxx5P+Kq54CiQGPjfZL8=",
        "owner": "sini",
        "repo": "gen-prelude",
        "rev": "ae1ce688234e53253462384be66c9f523cdf421e",
        "type": "github"
      },
      "original": {
        "owner": "sini",
        "repo": "gen-prelude",
        "type": "github"
      }
    },
    "gen-prelude_13": {
      "locked": {
        "lastModified": 1791109638,
        "narHash": "sha256-tieU6rXSP3w7wztA2uDESJhXxx5P+Kq54CiQGPjfZL8=",
        "owner": "sini",
        "repo": "gen-prelude",
        "rev": "ae1ce688234e53253462384be66c9f523cdf421e",
        "type": "github"
      },
      "original": {
        "owner": "sini",
        "repo": "gen-prelude",
        "type": "github"
      }
    },
    "gen-prelude_14": {
      "locked": {
        "lastModified": 1791109638,
        "narHash": "sha256-tieU6rXSP3w7wztA2uDESJhXxx5P+Kq54CiQGPjfZL8=",
        "owner": "sini",
        "repo": "gen-prelude",
        "rev": "ae1ce688234e53253462384be66c9f523cdf421e",
        "type": "github"
      },
      "original": {
        "owner": "sini",
        "repo": "gen-prelude",
        "type": "github"
      }
    },
    "gen-prelude_15": {
      "locked": {
        "lastModified": 1791109638,
        "narHash": "sha256-tieU6rXSP3w7wztA2uDESJhXxx5P+Kq54CiQGPjfZL8=",
        "owner": "sini",
        "repo": "gen-prelude",
        "rev": "ae1ce688234e53253462384be66c9f523cdf421e",
        "type": "github"
      },
      "original": {
        "owner": "sini",
        "repo": "gen-prelude",
        "type": "github"
      }
    },
    "gen-prelude_16": {
      "locked": {
        "lastModified": 1791109638,
        "narHash": "sha256-tieU6rXSP3w7wztA2uDESJhXxx5P+Kq54CiQGPjfZL8=",
        "owner": "sini",
        "repo": "gen-prelude",
        "rev": "ae1ce688234e53253462384be66c9f523cdf421e",
        "type": "github"
      },
      "original": {
        "owner": "sini",
        "repo": "gen-prelude",
        "type": "github"
      }
    },
    "gen-prelude_17": {
      "locked": {
        "lastModified": 1791109638,
        "narHash": "sha256-tieU6rXSP3w7wztA2uDESJhXxx5P+Kq54CiQGPjfZL8=",
        "owner": "sini",
        "repo": "gen-prelude",
        "rev": "ae1ce688234e53253462384be66c9f523cdf421e",
        "type": "github"
      },
      "original": {
        "owner": "sini",
        "repo": "gen-prelude",
        "type": "github"
      }
    },
    "gen-prelude_18": {
      "locked": {
        "lastModified": 1791109638,
        "narHash": "sha256-tieU6rXSP3w7wztA2uDESJhXxx5P+Kq54CiQGPjfZL8=",
        "owner": "sini",
        "repo": "gen-prelude",
        "rev": "ae1ce688234e53253462384be66c9f523cdf421e",
        "type": "github"
      },
      "original": {
        "owner": "sini",
        "repo": "gen-prelude",
        "type": "github"
      }
    },
    "gen-prelude_2": {
      "locked": {
        "lastModified": 1791109638,
        "narHash": "sha256-tieU6rXSP3w7wztA2uDESJhXxx5P+Kq54CiQGPjfZL8=",
        "owner": "sini",
        "repo": "gen-prelude",
        "rev": "ae1ce688234e53253462384be66c9f523cdf421e",
        "type": "github"
      },
      "original": {
        "owner": "sini",
        "repo": "gen-prelude",
        "type": "github"
      }
    },
    "gen-prelude_3": {
      "locked": {
        "lastModified": 1791109638,
        "narHash": "sha256-tieU6rXSP3w7wztA2uDESJhXxx5P+Kq54CiQGPjfZL8=",
        "owner": "sini",
        "repo": "gen-prelude",
        "rev": "ae1ce688234e53253462384be66c9f523cdf421e",
        "type": "github"
      },
      "original": {
        "owner": "sini",
        "repo": "gen-prelude",
        "type": "github"
      }
    },
    "gen-prelude_4": {
      "locked": {
        "lastModified": 1791109638,
        "narHash": "sha256-tieU6rXSP3w7wztA2uDESJhXxx5P+Kq54CiQGPjfZL8=",
        "owner": "sini",
        "repo": "gen-prelude",
        "rev": "ae1ce688234e53253462384be66c9f523cdf421e",
        "type": "github"
      },
      "original": {
        "owner": "sini",
        "repo": "gen-prelude",
        "type": "github"
      }
    },
    "gen-prelude_5": {
      "locked": {
        "lastModified": 1791109638,
        "narHash": "sha256-tieU6rXSP3w7wztA2uDESJhXxx5P+Kq54CiQGPjfZL8=",
        "owner": "sini",
        "repo": "gen-prelude",
        "rev": "ae1ce688234e53253462384be66c9f523cdf421e",
        "type": "github"
      },
      "original": {
        "owner": "sini",
        "repo": "gen-prelude",
        "type": "github"
      }
    },
    "gen-prelude_6": {
      "locked": {
        "lastModified": 1791109638,
        "narHash": "sha256-tieU6rXSP3w7wztA2uDESJhXxx5P+Kq54CiQGPjfZL8=",
        "owner": "sini",
        "repo": "gen-prelude",
        "rev": "ae1ce688234e53253462384be66c9f523cdf421e",
        "type": "github"
      },
      "original": {
        "owner": "sini",
        "repo": "gen-prelude",
        "type": "github"
      }
    },
    "gen-prelude_7": {
      "locked": {
        "lastModified": 1791109638,
        "narHash": "sha256-tieU6rXSP3w7wztA2uDESJhXxx5P+Kq54CiQGPjfZL8=",
        "owner": "sini",
        "repo": "gen-prelude",
        "rev": "ae1ce688234e53253462384be66c9f523cdf421e",
        "type": "github"
      },
      "original": {
        "owner": "sini",
        "repo": "gen-prelude",
        "type": "github"
      }
    },
    "gen-prelude_8": {
      "locked": {
        "lastModified": 1791109638,
        "narHash": "sha256-tieU6rXSP3w7wztA2uDESJhXxx5P+Kq54CiQGPjfZL8=",
        "owner": "sini",
        "repo": "gen-prelude",
        "rev": "ae1ce688234e53253462384be66c9f523cdf421e",
        "type": "github"
      },
      "original": {
        "owner": "sini",
        "repo": "gen-prelude",
        "type": "github"
      }
    },
    "gen-prelude_9": {
      "locked": {
        "lastModified": 1791109638,
        "narHash": "sha256-tieU6rXSP3w7wztA2uDESJhXxx5P+Kq54CiQGPjfZL8=",
        "owner": "sini",
        "repo": "gen-prelude",
        "rev": "ae1ce688234e53253462384be66c9f523cdf421e",
        "type": "github"
      },
      "original": {
        "owner": "sini",
        "repo": "gen-prelude",
        "type": "github"
      }
    },
    "gen-schema": {
      "inputs": {
        "gen-algebra": "gen-algebra_4",
        "gen-graph": "gen-graph_3",
        "gen-identity": [
          "gen-identity"
        ],
        "gen-merge": "gen-merge_2",
        "gen-prelude": "gen-prelude_15"
      },
      "locked": {
        "lastModified": 1791108953,
        "narHash": "sha256-H1YvNh5AsaoGQjQimY0fkQCqAb5viYVc0TO7YInSq28=",
        "owner": "sini",
        "repo": "gen-schema",
        "rev": "90cdc57a47dea7a98ace4d28aabb408ef2f5e34f",
        "type": "github"
      },
      "original": {
        "owner": "sini",
        "repo": "gen-schema",
        "type": "github"
      }
    },
    "gen-scope": {
      "inputs": {
        "gen-graph": "gen-graph_2",
        "gen-identity": "gen-identity",
        "gen-prelude": "gen-prelude_5"
      },
      "locked": {
        "lastModified": 1791117311,
        "narHash": "sha256-ZxEwuVeXywrA1caZGinsFsizANmgk5c1Jg7kGgUSL8w=",
        "owner": "sini",
        "repo": "gen-scope",
        "rev": "87250b81130f802237920d01466573ccf0f20d6c",
        "type": "github"
      },
      "original": {
        "owner": "sini",
        "repo": "gen-scope",
        "type": "github"
      }
    },
    "gen-scope_2": {
      "inputs": {
        "gen-graph": "gen-graph_5",
        "gen-identity": "gen-identity_4",
        "gen-prelude": "gen-prelude_13"
      },
      "locked": {
        "lastModified": 1791117311,
        "narHash": "sha256-ZxEwuVeXywrA1caZGinsFsizANmgk5c1Jg7kGgUSL8w=",
        "owner": "sini",
        "repo": "gen-scope",
        "rev": "87250b81130f802237920d01466573ccf0f20d6c",
        "type": "github"
      },
      "original": {
        "owner": "sini",
        "repo": "gen-scope",
        "type": "github"
      }
    },
    "gen-scope_3": {
      "inputs": {
        "gen-graph": "gen-graph_6",
        "gen-identity": [
          "gen-identity"
        ],
        "gen-prelude": "gen-prelude_17"
      },
      "locked": {
        "lastModified": 1791117311,
        "narHash": "sha256-ZxEwuVeXywrA1caZGinsFsizANmgk5c1Jg7kGgUSL8w=",
        "owner": "sini",
        "repo": "gen-scope",
        "rev": "87250b81130f802237920d01466573ccf0f20d6c",
        "type": "github"
      },
      "original": {
        "owner": "sini",
        "repo": "gen-scope",
        "type": "github"
      }
    },
    "gen-types": {
      "inputs": {
        "gen-algebra": "gen-algebra_3",
        "gen-identity": "gen-identity_2",
        "gen-prelude": "gen-prelude_6"
      },
      "locked": {
        "lastModified": 1791084840,
        "narHash": "sha256-w+aKiSPFsNuyf1Ox9XKp4lcygYTfo4xVHu8RVxvGDwM=",
        "owner": "sini",
        "repo": "gen-types",
        "rev": "7f893756573bddb8f8e2b66d9ffb28ca3c8807ca",
        "type": "github"
      },
      "original": {
        "owner": "sini",
        "repo": "gen-types",
        "type": "github"
      }
    },
    "gen-types_2": {
      "inputs": {
        "gen-algebra": "gen-algebra_5",
        "gen-identity": "gen-identity_5",
        "gen-prelude": "gen-prelude_14"
      },
      "locked": {
        "lastModified": 1791084840,
        "narHash": "sha256-w+aKiSPFsNuyf1Ox9XKp4lcygYTfo4xVHu8RVxvGDwM=",
        "owner": "sini",
        "repo": "gen-types",
        "rev": "7f893756573bddb8f8e2b66d9ffb28ca3c8807ca",
        "type": "github"
      },
      "original": {
        "owner": "sini",
        "repo": "gen-types",
        "type": "github"
      }
    },
    "gen-view": {
      "inputs": {
        "gen-graph": "gen-graph_7",
        "gen-prelude": "gen-prelude_18"
      },
      "locked": {
        "lastModified": 1791106385,
        "narHash": "sha256-rzVFq998qb6889wqrEmr+vY3p9MnlGS1gCUBuojt3l8=",
        "owner": "sini",
        "repo": "gen-view",
        "rev": "a2ff6a6cadaf154b97895cc93c1b530f9bd3c949",
        "type": "github"
      },
      "original": {
        "owner": "sini",
        "repo": "gen-view",
        "type": "github"
      }
    },
    "root": {
      "inputs": {
        "gen-algebra": "gen-algebra",
        "gen-aspects": "gen-aspects",
        "gen-identity": "gen-identity_3",
        "gen-prelude": "gen-prelude_8",
        "gen-schema": "gen-schema",
        "gen-scope": "gen-scope_3",
        "gen-view": "gen-view"
      }
    }
  },
  "root": "root",
  "version": 7
}
