{
  "nodes": {
    "gen-algebra": {
      "locked": {
        "lastModified": 1790321231,
        "narHash": "sha256-PouxA35wG+92sQW5infZzry1qPAo1VeHTHbc3vmJwFc=",
        "owner": "sini",
        "repo": "gen-algebra",
        "rev": "170a5e1629411ce746898eddb9891041ec495d2b",
        "type": "github"
      },
      "original": {
        "owner": "sini",
        "repo": "gen-algebra",
        "type": "github"
      }
    },
    "gen-algebra_2": {
      "locked": {
        "lastModified": 1790321231,
        "narHash": "sha256-PouxA35wG+92sQW5infZzry1qPAo1VeHTHbc3vmJwFc=",
        "owner": "sini",
        "repo": "gen-algebra",
        "rev": "170a5e1629411ce746898eddb9891041ec495d2b",
        "type": "github"
      },
      "original": {
        "owner": "sini",
        "repo": "gen-algebra",
        "type": "github"
      }
    },
    "gen-aspects": {
      "inputs": {
        "gen-identity": [
          "gen-identity"
        ],
        "gen-merge": "gen-merge",
        "gen-prelude": "gen-prelude_7",
        "gen-schema": [
          "gen-schema"
        ]
      },
      "locked": {
        "lastModified": 1790321444,
        "narHash": "sha256-9VH5cruEljKccOQQNn7At3LSKREA1NARV+uM2HyenME=",
        "owner": "sini",
        "repo": "gen-aspects",
        "rev": "0a76004a0cdd7b7b8177db54fd15a63ad8b08262",
        "type": "github"
      },
      "original": {
        "owner": "sini",
        "repo": "gen-aspects",
        "type": "github"
      }
    },
    "gen-graph": {
      "inputs": {
        "gen-prelude": "gen-prelude"
      },
      "locked": {
        "lastModified": 1790321246,
        "narHash": "sha256-zt/azLh6TeXgXaN+zIUKuojpV6VaIf/wRmISzFs9xfo=",
        "owner": "sini",
        "repo": "gen-graph",
        "rev": "f11d831fec4b9a9f3d683f308c1683223ccf5778",
        "type": "github"
      },
      "original": {
        "owner": "sini",
        "repo": "gen-graph",
        "type": "github"
      }
    },
    "gen-graph_2": {
      "inputs": {
        "gen-prelude": "gen-prelude_4"
      },
      "locked": {
        "lastModified": 1790321246,
        "narHash": "sha256-zt/azLh6TeXgXaN+zIUKuojpV6VaIf/wRmISzFs9xfo=",
        "owner": "sini",
        "repo": "gen-graph",
        "rev": "f11d831fec4b9a9f3d683f308c1683223ccf5778",
        "type": "github"
      },
      "original": {
        "owner": "sini",
        "repo": "gen-graph",
        "type": "github"
      }
    },
    "gen-graph_3": {
      "inputs": {
        "gen-prelude": "gen-prelude_9"
      },
      "locked": {
        "lastModified": 1790321246,
        "narHash": "sha256-zt/azLh6TeXgXaN+zIUKuojpV6VaIf/wRmISzFs9xfo=",
        "owner": "sini",
        "repo": "gen-graph",
        "rev": "f11d831fec4b9a9f3d683f308c1683223ccf5778",
        "type": "github"
      },
      "original": {
        "owner": "sini",
        "repo": "gen-graph",
        "type": "github"
      }
    },
    "gen-graph_4": {
      "inputs": {
        "gen-prelude": "gen-prelude_12"
      },
      "locked": {
        "lastModified": 1790321246,
        "narHash": "sha256-zt/azLh6TeXgXaN+zIUKuojpV6VaIf/wRmISzFs9xfo=",
        "owner": "sini",
        "repo": "gen-graph",
        "rev": "f11d831fec4b9a9f3d683f308c1683223ccf5778",
        "type": "github"
      },
      "original": {
        "owner": "sini",
        "repo": "gen-graph",
        "type": "github"
      }
    },
    "gen-graph_5": {
      "inputs": {
        "gen-prelude": "gen-prelude_16"
      },
      "locked": {
        "lastModified": 1790321246,
        "narHash": "sha256-zt/azLh6TeXgXaN+zIUKuojpV6VaIf/wRmISzFs9xfo=",
        "owner": "sini",
        "repo": "gen-graph",
        "rev": "f11d831fec4b9a9f3d683f308c1683223ccf5778",
        "type": "github"
      },
      "original": {
        "owner": "sini",
        "repo": "gen-graph",
        "type": "github"
      }
    },
    "gen-graph_6": {
      "inputs": {
        "gen-prelude": [
          "gen-view",
          "gen-prelude"
        ]
      },
      "locked": {
        "lastModified": 1790321246,
        "narHash": "sha256-zt/azLh6TeXgXaN+zIUKuojpV6VaIf/wRmISzFs9xfo=",
        "owner": "sini",
        "repo": "gen-graph",
        "rev": "f11d831fec4b9a9f3d683f308c1683223ccf5778",
        "type": "github"
      },
      "original": {
        "owner": "sini",
        "repo": "gen-graph",
        "type": "github"
      }
    },
    "gen-identity": {
      "locked": {
        "lastModified": 1790307033,
        "narHash": "sha256-K9ES+akRmPKLIkIFCrpaSsiIx2dNZnWqYyRxwUAhmnY=",
        "owner": "sini",
        "repo": "gen-identity",
        "rev": "f8052b0100270e22d03a53ad7295cd9743c6174c",
        "type": "github"
      },
      "original": {
        "owner": "sini",
        "repo": "gen-identity",
        "type": "github"
      }
    },
    "gen-identity_2": {
      "locked": {
        "lastModified": 1790307033,
        "narHash": "sha256-K9ES+akRmPKLIkIFCrpaSsiIx2dNZnWqYyRxwUAhmnY=",
        "owner": "sini",
        "repo": "gen-identity",
        "rev": "f8052b0100270e22d03a53ad7295cd9743c6174c",
        "type": "github"
      },
      "original": {
        "owner": "sini",
        "repo": "gen-identity",
        "type": "github"
      }
    },
    "gen-identity_3": {
      "locked": {
        "lastModified": 1790307033,
        "narHash": "sha256-K9ES+akRmPKLIkIFCrpaSsiIx2dNZnWqYyRxwUAhmnY=",
        "owner": "sini",
        "repo": "gen-identity",
        "rev": "f8052b0100270e22d03a53ad7295cd9743c6174c",
        "type": "github"
      },
      "original": {
        "owner": "sini",
        "repo": "gen-identity",
        "type": "github"
      }
    },
    "gen-identity_4": {
      "locked": {
        "lastModified": 1790307033,
        "narHash": "sha256-K9ES+akRmPKLIkIFCrpaSsiIx2dNZnWqYyRxwUAhmnY=",
        "owner": "sini",
        "repo": "gen-identity",
        "rev": "f8052b0100270e22d03a53ad7295cd9743c6174c",
        "type": "github"
      },
      "original": {
        "owner": "sini",
        "repo": "gen-identity",
        "type": "github"
      }
    },
    "gen-identity_5": {
      "locked": {
        "lastModified": 1790307033,
        "narHash": "sha256-K9ES+akRmPKLIkIFCrpaSsiIx2dNZnWqYyRxwUAhmnY=",
        "owner": "sini",
        "repo": "gen-identity",
        "rev": "f8052b0100270e22d03a53ad7295cd9743c6174c",
        "type": "github"
      },
      "original": {
        "owner": "sini",
        "repo": "gen-identity",
        "type": "github"
      }
    },
    "gen-memo": {
      "inputs": {
        "gen-graph": "gen-graph",
        "gen-prelude": "gen-prelude_2"
      },
      "locked": {
        "lastModified": 1790321333,
        "narHash": "sha256-HnASMiYqGkYwU24X7BMdSpbQ15Loq5jfV9CIYzX/XrU=",
        "owner": "sini",
        "repo": "gen-memo",
        "rev": "9cf138af2240c1b9a392d56be2da2b2b1182c052",
        "type": "github"
      },
      "original": {
        "owner": "sini",
        "repo": "gen-memo",
        "type": "github"
      }
    },
    "gen-memo_2": {
      "inputs": {
        "gen-graph": "gen-graph_3",
        "gen-prelude": "gen-prelude_10"
      },
      "locked": {
        "lastModified": 1790321333,
        "narHash": "sha256-HnASMiYqGkYwU24X7BMdSpbQ15Loq5jfV9CIYzX/XrU=",
        "owner": "sini",
        "repo": "gen-memo",
        "rev": "9cf138af2240c1b9a392d56be2da2b2b1182c052",
        "type": "github"
      },
      "original": {
        "owner": "sini",
        "repo": "gen-memo",
        "type": "github"
      }
    },
    "gen-merge": {
      "inputs": {
        "gen-memo": "gen-memo",
        "gen-prelude": "gen-prelude_3",
        "gen-scope": "gen-scope",
        "gen-types": "gen-types"
      },
      "locked": {
        "lastModified": 1790321387,
        "narHash": "sha256-rE00Ly9MIx3+TpCdqRMnCKMlBTk9pmrx3fBNs8OPTuA=",
        "owner": "sini",
        "repo": "gen-merge",
        "rev": "d37deb6129a304aaff5433af2723564df3481c13",
        "type": "github"
      },
      "original": {
        "owner": "sini",
        "repo": "gen-merge",
        "type": "github"
      }
    },
    "gen-merge_2": {
      "inputs": {
        "gen-memo": "gen-memo_2",
        "gen-prelude": "gen-prelude_11",
        "gen-scope": "gen-scope_2",
        "gen-types": "gen-types_2"
      },
      "locked": {
        "lastModified": 1790321387,
        "narHash": "sha256-rE00Ly9MIx3+TpCdqRMnCKMlBTk9pmrx3fBNs8OPTuA=",
        "owner": "sini",
        "repo": "gen-merge",
        "rev": "d37deb6129a304aaff5433af2723564df3481c13",
        "type": "github"
      },
      "original": {
        "owner": "sini",
        "repo": "gen-merge",
        "type": "github"
      }
    },
    "gen-prelude": {
      "locked": {
        "lastModified": 1790307604,
        "narHash": "sha256-OH7wWc4XFkDjQwnrU1niNFI+Sw8oazWLMql8bWa0aEI=",
        "owner": "sini",
        "repo": "gen-prelude",
        "rev": "965e3660c3511d4ad8ff1f7a30d642ea4b6cbcd9",
        "type": "github"
      },
      "original": {
        "owner": "sini",
        "repo": "gen-prelude",
        "type": "github"
      }
    },
    "gen-prelude_10": {
      "locked": {
        "lastModified": 1790307604,
        "narHash": "sha256-OH7wWc4XFkDjQwnrU1niNFI+Sw8oazWLMql8bWa0aEI=",
        "owner": "sini",
        "repo": "gen-prelude",
        "rev": "965e3660c3511d4ad8ff1f7a30d642ea4b6cbcd9",
        "type": "github"
      },
      "original": {
        "owner": "sini",
        "repo": "gen-prelude",
        "type": "github"
      }
    },
    "gen-prelude_11": {
      "locked": {
        "lastModified": 1790307604,
        "narHash": "sha256-OH7wWc4XFkDjQwnrU1niNFI+Sw8oazWLMql8bWa0aEI=",
        "owner": "sini",
        "repo": "gen-prelude",
        "rev": "965e3660c3511d4ad8ff1f7a30d642ea4b6cbcd9",
        "type": "github"
      },
      "original": {
        "owner": "sini",
        "repo": "gen-prelude",
        "type": "github"
      }
    },
    "gen-prelude_12": {
      "locked": {
        "lastModified": 1790307604,
        "narHash": "sha256-OH7wWc4XFkDjQwnrU1niNFI+Sw8oazWLMql8bWa0aEI=",
        "owner": "sini",
        "repo": "gen-prelude",
        "rev": "965e3660c3511d4ad8ff1f7a30d642ea4b6cbcd9",
        "type": "github"
      },
      "original": {
        "owner": "sini",
        "repo": "gen-prelude",
        "type": "github"
      }
    },
    "gen-prelude_13": {
      "locked": {
        "lastModified": 1790307604,
        "narHash": "sha256-OH7wWc4XFkDjQwnrU1niNFI+Sw8oazWLMql8bWa0aEI=",
        "owner": "sini",
        "repo": "gen-prelude",
        "rev": "965e3660c3511d4ad8ff1f7a30d642ea4b6cbcd9",
        "type": "github"
      },
      "original": {
        "owner": "sini",
        "repo": "gen-prelude",
        "type": "github"
      }
    },
    "gen-prelude_14": {
      "locked": {
        "lastModified": 1790307604,
        "narHash": "sha256-OH7wWc4XFkDjQwnrU1niNFI+Sw8oazWLMql8bWa0aEI=",
        "owner": "sini",
        "repo": "gen-prelude",
        "rev": "965e3660c3511d4ad8ff1f7a30d642ea4b6cbcd9",
        "type": "github"
      },
      "original": {
        "owner": "sini",
        "repo": "gen-prelude",
        "type": "github"
      }
    },
    "gen-prelude_15": {
      "locked": {
        "lastModified": 1790307604,
        "narHash": "sha256-OH7wWc4XFkDjQwnrU1niNFI+Sw8oazWLMql8bWa0aEI=",
        "owner": "sini",
        "repo": "gen-prelude",
        "rev": "965e3660c3511d4ad8ff1f7a30d642ea4b6cbcd9",
        "type": "github"
      },
      "original": {
        "owner": "sini",
        "repo": "gen-prelude",
        "type": "github"
      }
    },
    "gen-prelude_16": {
      "locked": {
        "lastModified": 1790307604,
        "narHash": "sha256-OH7wWc4XFkDjQwnrU1niNFI+Sw8oazWLMql8bWa0aEI=",
        "owner": "sini",
        "repo": "gen-prelude",
        "rev": "965e3660c3511d4ad8ff1f7a30d642ea4b6cbcd9",
        "type": "github"
      },
      "original": {
        "owner": "sini",
        "repo": "gen-prelude",
        "type": "github"
      }
    },
    "gen-prelude_17": {
      "locked": {
        "lastModified": 1790307604,
        "narHash": "sha256-OH7wWc4XFkDjQwnrU1niNFI+Sw8oazWLMql8bWa0aEI=",
        "owner": "sini",
        "repo": "gen-prelude",
        "rev": "965e3660c3511d4ad8ff1f7a30d642ea4b6cbcd9",
        "type": "github"
      },
      "original": {
        "owner": "sini",
        "repo": "gen-prelude",
        "type": "github"
      }
    },
    "gen-prelude_18": {
      "locked": {
        "lastModified": 1790307604,
        "narHash": "sha256-OH7wWc4XFkDjQwnrU1niNFI+Sw8oazWLMql8bWa0aEI=",
        "owner": "sini",
        "repo": "gen-prelude",
        "rev": "965e3660c3511d4ad8ff1f7a30d642ea4b6cbcd9",
        "type": "github"
      },
      "original": {
        "owner": "sini",
        "repo": "gen-prelude",
        "type": "github"
      }
    },
    "gen-prelude_2": {
      "locked": {
        "lastModified": 1790307604,
        "narHash": "sha256-OH7wWc4XFkDjQwnrU1niNFI+Sw8oazWLMql8bWa0aEI=",
        "owner": "sini",
        "repo": "gen-prelude",
        "rev": "965e3660c3511d4ad8ff1f7a30d642ea4b6cbcd9",
        "type": "github"
      },
      "original": {
        "owner": "sini",
        "repo": "gen-prelude",
        "type": "github"
      }
    },
    "gen-prelude_3": {
      "locked": {
        "lastModified": 1790307604,
        "narHash": "sha256-OH7wWc4XFkDjQwnrU1niNFI+Sw8oazWLMql8bWa0aEI=",
        "owner": "sini",
        "repo": "gen-prelude",
        "rev": "965e3660c3511d4ad8ff1f7a30d642ea4b6cbcd9",
        "type": "github"
      },
      "original": {
        "owner": "sini",
        "repo": "gen-prelude",
        "type": "github"
      }
    },
    "gen-prelude_4": {
      "locked": {
        "lastModified": 1790307604,
        "narHash": "sha256-OH7wWc4XFkDjQwnrU1niNFI+Sw8oazWLMql8bWa0aEI=",
        "owner": "sini",
        "repo": "gen-prelude",
        "rev": "965e3660c3511d4ad8ff1f7a30d642ea4b6cbcd9",
        "type": "github"
      },
      "original": {
        "owner": "sini",
        "repo": "gen-prelude",
        "type": "github"
      }
    },
    "gen-prelude_5": {
      "locked": {
        "lastModified": 1790307604,
        "narHash": "sha256-OH7wWc4XFkDjQwnrU1niNFI+Sw8oazWLMql8bWa0aEI=",
        "owner": "sini",
        "repo": "gen-prelude",
        "rev": "965e3660c3511d4ad8ff1f7a30d642ea4b6cbcd9",
        "type": "github"
      },
      "original": {
        "owner": "sini",
        "repo": "gen-prelude",
        "type": "github"
      }
    },
    "gen-prelude_6": {
      "locked": {
        "lastModified": 1790307604,
        "narHash": "sha256-OH7wWc4XFkDjQwnrU1niNFI+Sw8oazWLMql8bWa0aEI=",
        "owner": "sini",
        "repo": "gen-prelude",
        "rev": "965e3660c3511d4ad8ff1f7a30d642ea4b6cbcd9",
        "type": "github"
      },
      "original": {
        "owner": "sini",
        "repo": "gen-prelude",
        "type": "github"
      }
    },
    "gen-prelude_7": {
      "locked": {
        "lastModified": 1790307604,
        "narHash": "sha256-OH7wWc4XFkDjQwnrU1niNFI+Sw8oazWLMql8bWa0aEI=",
        "owner": "sini",
        "repo": "gen-prelude",
        "rev": "965e3660c3511d4ad8ff1f7a30d642ea4b6cbcd9",
        "type": "github"
      },
      "original": {
        "owner": "sini",
        "repo": "gen-prelude",
        "type": "github"
      }
    },
    "gen-prelude_8": {
      "locked": {
        "lastModified": 1790307604,
        "narHash": "sha256-OH7wWc4XFkDjQwnrU1niNFI+Sw8oazWLMql8bWa0aEI=",
        "owner": "sini",
        "repo": "gen-prelude",
        "rev": "965e3660c3511d4ad8ff1f7a30d642ea4b6cbcd9",
        "type": "github"
      },
      "original": {
        "owner": "sini",
        "repo": "gen-prelude",
        "type": "github"
      }
    },
    "gen-prelude_9": {
      "locked": {
        "lastModified": 1790307604,
        "narHash": "sha256-OH7wWc4XFkDjQwnrU1niNFI+Sw8oazWLMql8bWa0aEI=",
        "owner": "sini",
        "repo": "gen-prelude",
        "rev": "965e3660c3511d4ad8ff1f7a30d642ea4b6cbcd9",
        "type": "github"
      },
      "original": {
        "owner": "sini",
        "repo": "gen-prelude",
        "type": "github"
      }
    },
    "gen-schema": {
      "inputs": {
        "gen-algebra": "gen-algebra_2",
        "gen-identity": [
          "gen-identity"
        ],
        "gen-merge": "gen-merge_2",
        "gen-prelude": "gen-prelude_15"
      },
      "locked": {
        "lastModified": 1790321424,
        "narHash": "sha256-qyXXokBBcOUVCNLxJEIpKYmbVsJGu1LerU6Z81Q9+BI=",
        "owner": "sini",
        "repo": "gen-schema",
        "rev": "7db5fb402875ee0b5c3d4e57b0701a1b7950b328",
        "type": "github"
      },
      "original": {
        "owner": "sini",
        "repo": "gen-schema",
        "type": "github"
      }
    },
    "gen-scope": {
      "inputs": {
        "gen-graph": "gen-graph_2",
        "gen-identity": "gen-identity",
        "gen-prelude": "gen-prelude_5"
      },
      "locked": {
        "lastModified": 1790321298,
        "narHash": "sha256-yyosJSa8rzsQSK5MfldDygV4//mzXNgnQNZYKOZFv0w=",
        "owner": "sini",
        "repo": "gen-scope",
        "rev": "da647ff0302eb10652dd77ec3eb122c637f0f5ae",
        "type": "github"
      },
      "original": {
        "owner": "sini",
        "repo": "gen-scope",
        "type": "github"
      }
    },
    "gen-scope_2": {
      "inputs": {
        "gen-graph": "gen-graph_4",
        "gen-identity": "gen-identity_4",
        "gen-prelude": "gen-prelude_13"
      },
      "locked": {
        "lastModified": 1790321298,
        "narHash": "sha256-yyosJSa8rzsQSK5MfldDygV4//mzXNgnQNZYKOZFv0w=",
        "owner": "sini",
        "repo": "gen-scope",
        "rev": "da647ff0302eb10652dd77ec3eb122c637f0f5ae",
        "type": "github"
      },
      "original": {
        "owner": "sini",
        "repo": "gen-scope",
        "type": "github"
      }
    },
    "gen-scope_3": {
      "inputs": {
        "gen-graph": "gen-graph_5",
        "gen-identity": [
          "gen-identity"
        ],
        "gen-prelude": "gen-prelude_17"
      },
      "locked": {
        "lastModified": 1790321298,
        "narHash": "sha256-yyosJSa8rzsQSK5MfldDygV4//mzXNgnQNZYKOZFv0w=",
        "owner": "sini",
        "repo": "gen-scope",
        "rev": "da647ff0302eb10652dd77ec3eb122c637f0f5ae",
        "type": "github"
      },
      "original": {
        "owner": "sini",
        "repo": "gen-scope",
        "type": "github"
      }
    },
    "gen-types": {
      "inputs": {
        "gen-identity": "gen-identity_2",
        "gen-prelude": "gen-prelude_6"
      },
      "locked": {
        "lastModified": 1790321262,
        "narHash": "sha256-4IQbq+2anT1rXGZSqS9KqtxDT4SgiPUAJIUByMGbqYY=",
        "owner": "sini",
        "repo": "gen-types",
        "rev": "e58623d1f7ba3d6b5b36a3d3513bfcd5c6104f4c",
        "type": "github"
      },
      "original": {
        "owner": "sini",
        "repo": "gen-types",
        "type": "github"
      }
    },
    "gen-types_2": {
      "inputs": {
        "gen-identity": "gen-identity_5",
        "gen-prelude": "gen-prelude_14"
      },
      "locked": {
        "lastModified": 1790321262,
        "narHash": "sha256-4IQbq+2anT1rXGZSqS9KqtxDT4SgiPUAJIUByMGbqYY=",
        "owner": "sini",
        "repo": "gen-types",
        "rev": "e58623d1f7ba3d6b5b36a3d3513bfcd5c6104f4c",
        "type": "github"
      },
      "original": {
        "owner": "sini",
        "repo": "gen-types",
        "type": "github"
      }
    },
    "gen-view": {
      "inputs": {
        "gen-graph": "gen-graph_6",
        "gen-prelude": "gen-prelude_18"
      },
      "locked": {
        "lastModified": 1790321365,
        "narHash": "sha256-aSj7h3pn/Qxm7nGTdR6QCfF+DRgVaxMysGqvh/cT6io=",
        "owner": "sini",
        "repo": "gen-view",
        "rev": "ca5e9ca89d44dfaac3947cf86552d23d16a84d1a",
        "type": "github"
      },
      "original": {
        "owner": "sini",
        "repo": "gen-view",
        "type": "github"
      }
    },
    "root": {
      "inputs": {
        "gen-algebra": "gen-algebra",
        "gen-aspects": "gen-aspects",
        "gen-identity": "gen-identity_3",
        "gen-prelude": "gen-prelude_8",
        "gen-schema": "gen-schema",
        "gen-scope": "gen-scope_3",
        "gen-view": "gen-view"
      }
    }
  },
  "root": "root",
  "version": 7
}
