{
  "nodes": {
    "gen-algebra": {
      "locked": {
        "lastModified": 1789782147,
        "narHash": "sha256-LxXf7IsUvN4agcNuuViwNAfT+HlL0oKiEQfpje8yJmM=",
        "owner": "sini",
        "repo": "gen-algebra",
        "rev": "e299a4da5773cafb0c504074eb1902e9b7f6d18b",
        "type": "github"
      },
      "original": {
        "owner": "sini",
        "repo": "gen-algebra",
        "type": "github"
      }
    },
    "gen-algebra_2": {
      "locked": {
        "lastModified": 1789782147,
        "narHash": "sha256-LxXf7IsUvN4agcNuuViwNAfT+HlL0oKiEQfpje8yJmM=",
        "owner": "sini",
        "repo": "gen-algebra",
        "rev": "e299a4da5773cafb0c504074eb1902e9b7f6d18b",
        "type": "github"
      },
      "original": {
        "owner": "sini",
        "repo": "gen-algebra",
        "type": "github"
      }
    },
    "gen-aspects": {
      "inputs": {
        "gen-identity": [
          "gen-identity"
        ],
        "gen-merge": "gen-merge",
        "gen-prelude": "gen-prelude_5",
        "gen-schema": [
          "gen-schema"
        ]
      },
      "locked": {
        "lastModified": 1789788654,
        "narHash": "sha256-i0Ujhn0AOElhaDknH5kz1qjdcNa1cXLZKZ5QcH/LwFk=",
        "owner": "sini",
        "repo": "gen-aspects",
        "rev": "b136eed651f0956d76c73a92de22f816083192bb",
        "type": "github"
      },
      "original": {
        "owner": "sini",
        "repo": "gen-aspects",
        "type": "github"
      }
    },
    "gen-graph": {
      "inputs": {
        "gen-prelude": "gen-prelude"
      },
      "locked": {
        "lastModified": 1789782179,
        "narHash": "sha256-2wyiOHGAxAgIim1H085IOquh5/z6y8kK+h2Z/AipMS0=",
        "owner": "sini",
        "repo": "gen-graph",
        "rev": "b73ff5f5ad7e8c2531b172469eb2758b23accf18",
        "type": "github"
      },
      "original": {
        "owner": "sini",
        "repo": "gen-graph",
        "type": "github"
      }
    },
    "gen-graph_2": {
      "inputs": {
        "gen-prelude": "gen-prelude_7"
      },
      "locked": {
        "lastModified": 1789782179,
        "narHash": "sha256-2wyiOHGAxAgIim1H085IOquh5/z6y8kK+h2Z/AipMS0=",
        "owner": "sini",
        "repo": "gen-graph",
        "rev": "b73ff5f5ad7e8c2531b172469eb2758b23accf18",
        "type": "github"
      },
      "original": {
        "owner": "sini",
        "repo": "gen-graph",
        "type": "github"
      }
    },
    "gen-graph_3": {
      "inputs": {
        "gen-prelude": "gen-prelude_12"
      },
      "locked": {
        "lastModified": 1789782179,
        "narHash": "sha256-2wyiOHGAxAgIim1H085IOquh5/z6y8kK+h2Z/AipMS0=",
        "owner": "sini",
        "repo": "gen-graph",
        "rev": "b73ff5f5ad7e8c2531b172469eb2758b23accf18",
        "type": "github"
      },
      "original": {
        "owner": "sini",
        "repo": "gen-graph",
        "type": "github"
      }
    },
    "gen-graph_4": {
      "inputs": {
        "gen-prelude": [
          "gen-view",
          "gen-prelude"
        ]
      },
      "locked": {
        "lastModified": 1789782179,
        "narHash": "sha256-2wyiOHGAxAgIim1H085IOquh5/z6y8kK+h2Z/AipMS0=",
        "owner": "sini",
        "repo": "gen-graph",
        "rev": "b73ff5f5ad7e8c2531b172469eb2758b23accf18",
        "type": "github"
      },
      "original": {
        "owner": "sini",
        "repo": "gen-graph",
        "type": "github"
      }
    },
    "gen-identity": {
      "locked": {
        "lastModified": 1789782041,
        "narHash": "sha256-x/RFEmgZwlTHVwdmKCuc/y3GbJfjjhTXkwsHAHfvFCI=",
        "owner": "sini",
        "repo": "gen-identity",
        "rev": "559609f10f9bd461e52b01a6bfca5a0ddab8293b",
        "type": "github"
      },
      "original": {
        "owner": "sini",
        "repo": "gen-identity",
        "type": "github"
      }
    },
    "gen-identity_2": {
      "locked": {
        "lastModified": 1789782041,
        "narHash": "sha256-x/RFEmgZwlTHVwdmKCuc/y3GbJfjjhTXkwsHAHfvFCI=",
        "owner": "sini",
        "repo": "gen-identity",
        "rev": "559609f10f9bd461e52b01a6bfca5a0ddab8293b",
        "type": "github"
      },
      "original": {
        "owner": "sini",
        "repo": "gen-identity",
        "type": "github"
      }
    },
    "gen-identity_3": {
      "locked": {
        "lastModified": 1789782041,
        "narHash": "sha256-x/RFEmgZwlTHVwdmKCuc/y3GbJfjjhTXkwsHAHfvFCI=",
        "owner": "sini",
        "repo": "gen-identity",
        "rev": "559609f10f9bd461e52b01a6bfca5a0ddab8293b",
        "type": "github"
      },
      "original": {
        "owner": "sini",
        "repo": "gen-identity",
        "type": "github"
      }
    },
    "gen-memo": {
      "inputs": {
        "gen-graph": "gen-graph",
        "gen-prelude": "gen-prelude_2"
      },
      "locked": {
        "lastModified": 1789788526,
        "narHash": "sha256-VH3Ri0xOUwlnvvpUsuExmk4SVkRSPPo6obKMydHUYUw=",
        "owner": "sini",
        "repo": "gen-memo",
        "rev": "0338d6ab80c92a8e203a7de536a407a8b0b7a6b7",
        "type": "github"
      },
      "original": {
        "owner": "sini",
        "repo": "gen-memo",
        "type": "github"
      }
    },
    "gen-memo_2": {
      "inputs": {
        "gen-graph": "gen-graph_2",
        "gen-prelude": "gen-prelude_8"
      },
      "locked": {
        "lastModified": 1789788526,
        "narHash": "sha256-VH3Ri0xOUwlnvvpUsuExmk4SVkRSPPo6obKMydHUYUw=",
        "owner": "sini",
        "repo": "gen-memo",
        "rev": "0338d6ab80c92a8e203a7de536a407a8b0b7a6b7",
        "type": "github"
      },
      "original": {
        "owner": "sini",
        "repo": "gen-memo",
        "type": "github"
      }
    },
    "gen-merge": {
      "inputs": {
        "gen-memo": "gen-memo",
        "gen-prelude": "gen-prelude_3",
        "gen-types": "gen-types"
      },
      "locked": {
        "lastModified": 1789788555,
        "narHash": "sha256-VO18aClcdcbz6Mg0mbNSUKygfgmdt1iBaFizbHfaZXA=",
        "owner": "sini",
        "repo": "gen-merge",
        "rev": "3aa6dacca9ecf9b37614a462073e66761c47ac91",
        "type": "github"
      },
      "original": {
        "owner": "sini",
        "repo": "gen-merge",
        "type": "github"
      }
    },
    "gen-merge_2": {
      "inputs": {
        "gen-memo": "gen-memo_2",
        "gen-prelude": "gen-prelude_9",
        "gen-types": "gen-types_2"
      },
      "locked": {
        "lastModified": 1789788555,
        "narHash": "sha256-VO18aClcdcbz6Mg0mbNSUKygfgmdt1iBaFizbHfaZXA=",
        "owner": "sini",
        "repo": "gen-merge",
        "rev": "3aa6dacca9ecf9b37614a462073e66761c47ac91",
        "type": "github"
      },
      "original": {
        "owner": "sini",
        "repo": "gen-merge",
        "type": "github"
      }
    },
    "gen-prelude": {
      "locked": {
        "lastModified": 1789782063,
        "narHash": "sha256-hYRKCMloFaUjDabC/7tamOIEz5wAfeW0RYDSQ0s8AQY=",
        "owner": "sini",
        "repo": "gen-prelude",
        "rev": "f90a89de42d113b0ade9833903ebc27961cce836",
        "type": "github"
      },
      "original": {
        "owner": "sini",
        "repo": "gen-prelude",
        "type": "github"
      }
    },
    "gen-prelude_10": {
      "locked": {
        "lastModified": 1789782063,
        "narHash": "sha256-hYRKCMloFaUjDabC/7tamOIEz5wAfeW0RYDSQ0s8AQY=",
        "owner": "sini",
        "repo": "gen-prelude",
        "rev": "f90a89de42d113b0ade9833903ebc27961cce836",
        "type": "github"
      },
      "original": {
        "owner": "sini",
        "repo": "gen-prelude",
        "type": "github"
      }
    },
    "gen-prelude_11": {
      "locked": {
        "lastModified": 1789782063,
        "narHash": "sha256-hYRKCMloFaUjDabC/7tamOIEz5wAfeW0RYDSQ0s8AQY=",
        "owner": "sini",
        "repo": "gen-prelude",
        "rev": "f90a89de42d113b0ade9833903ebc27961cce836",
        "type": "github"
      },
      "original": {
        "owner": "sini",
        "repo": "gen-prelude",
        "type": "github"
      }
    },
    "gen-prelude_12": {
      "locked": {
        "lastModified": 1789782063,
        "narHash": "sha256-hYRKCMloFaUjDabC/7tamOIEz5wAfeW0RYDSQ0s8AQY=",
        "owner": "sini",
        "repo": "gen-prelude",
        "rev": "f90a89de42d113b0ade9833903ebc27961cce836",
        "type": "github"
      },
      "original": {
        "owner": "sini",
        "repo": "gen-prelude",
        "type": "github"
      }
    },
    "gen-prelude_13": {
      "locked": {
        "lastModified": 1789782063,
        "narHash": "sha256-hYRKCMloFaUjDabC/7tamOIEz5wAfeW0RYDSQ0s8AQY=",
        "owner": "sini",
        "repo": "gen-prelude",
        "rev": "f90a89de42d113b0ade9833903ebc27961cce836",
        "type": "github"
      },
      "original": {
        "owner": "sini",
        "repo": "gen-prelude",
        "type": "github"
      }
    },
    "gen-prelude_14": {
      "locked": {
        "lastModified": 1789782063,
        "narHash": "sha256-hYRKCMloFaUjDabC/7tamOIEz5wAfeW0RYDSQ0s8AQY=",
        "owner": "sini",
        "repo": "gen-prelude",
        "rev": "f90a89de42d113b0ade9833903ebc27961cce836",
        "type": "github"
      },
      "original": {
        "owner": "sini",
        "repo": "gen-prelude",
        "type": "github"
      }
    },
    "gen-prelude_2": {
      "locked": {
        "lastModified": 1789782063,
        "narHash": "sha256-hYRKCMloFaUjDabC/7tamOIEz5wAfeW0RYDSQ0s8AQY=",
        "owner": "sini",
        "repo": "gen-prelude",
        "rev": "f90a89de42d113b0ade9833903ebc27961cce836",
        "type": "github"
      },
      "original": {
        "owner": "sini",
        "repo": "gen-prelude",
        "type": "github"
      }
    },
    "gen-prelude_3": {
      "locked": {
        "lastModified": 1789782063,
        "narHash": "sha256-hYRKCMloFaUjDabC/7tamOIEz5wAfeW0RYDSQ0s8AQY=",
        "owner": "sini",
        "repo": "gen-prelude",
        "rev": "f90a89de42d113b0ade9833903ebc27961cce836",
        "type": "github"
      },
      "original": {
        "owner": "sini",
        "repo": "gen-prelude",
        "type": "github"
      }
    },
    "gen-prelude_4": {
      "locked": {
        "lastModified": 1789782063,
        "narHash": "sha256-hYRKCMloFaUjDabC/7tamOIEz5wAfeW0RYDSQ0s8AQY=",
        "owner": "sini",
        "repo": "gen-prelude",
        "rev": "f90a89de42d113b0ade9833903ebc27961cce836",
        "type": "github"
      },
      "original": {
        "owner": "sini",
        "repo": "gen-prelude",
        "type": "github"
      }
    },
    "gen-prelude_5": {
      "locked": {
        "lastModified": 1789782063,
        "narHash": "sha256-hYRKCMloFaUjDabC/7tamOIEz5wAfeW0RYDSQ0s8AQY=",
        "owner": "sini",
        "repo": "gen-prelude",
        "rev": "f90a89de42d113b0ade9833903ebc27961cce836",
        "type": "github"
      },
      "original": {
        "owner": "sini",
        "repo": "gen-prelude",
        "type": "github"
      }
    },
    "gen-prelude_6": {
      "locked": {
        "lastModified": 1789782063,
        "narHash": "sha256-hYRKCMloFaUjDabC/7tamOIEz5wAfeW0RYDSQ0s8AQY=",
        "owner": "sini",
        "repo": "gen-prelude",
        "rev": "f90a89de42d113b0ade9833903ebc27961cce836",
        "type": "github"
      },
      "original": {
        "owner": "sini",
        "repo": "gen-prelude",
        "type": "github"
      }
    },
    "gen-prelude_7": {
      "locked": {
        "lastModified": 1789782063,
        "narHash": "sha256-hYRKCMloFaUjDabC/7tamOIEz5wAfeW0RYDSQ0s8AQY=",
        "owner": "sini",
        "repo": "gen-prelude",
        "rev": "f90a89de42d113b0ade9833903ebc27961cce836",
        "type": "github"
      },
      "original": {
        "owner": "sini",
        "repo": "gen-prelude",
        "type": "github"
      }
    },
    "gen-prelude_8": {
      "locked": {
        "lastModified": 1789782063,
        "narHash": "sha256-hYRKCMloFaUjDabC/7tamOIEz5wAfeW0RYDSQ0s8AQY=",
        "owner": "sini",
        "repo": "gen-prelude",
        "rev": "f90a89de42d113b0ade9833903ebc27961cce836",
        "type": "github"
      },
      "original": {
        "owner": "sini",
        "repo": "gen-prelude",
        "type": "github"
      }
    },
    "gen-prelude_9": {
      "locked": {
        "lastModified": 1789782063,
        "narHash": "sha256-hYRKCMloFaUjDabC/7tamOIEz5wAfeW0RYDSQ0s8AQY=",
        "owner": "sini",
        "repo": "gen-prelude",
        "rev": "f90a89de42d113b0ade9833903ebc27961cce836",
        "type": "github"
      },
      "original": {
        "owner": "sini",
        "repo": "gen-prelude",
        "type": "github"
      }
    },
    "gen-schema": {
      "inputs": {
        "gen-algebra": "gen-algebra_2",
        "gen-identity": [
          "gen-identity"
        ],
        "gen-merge": "gen-merge_2",
        "gen-prelude": "gen-prelude_11"
      },
      "locked": {
        "lastModified": 1789788624,
        "narHash": "sha256-kRUR0qT3bL6EKydpG7TtWszbK5q9ahVIeVwltB/to6k=",
        "owner": "sini",
        "repo": "gen-schema",
        "rev": "c657d1022036f1f0857ac0aeb3b81d4b82c83fd9",
        "type": "github"
      },
      "original": {
        "owner": "sini",
        "repo": "gen-schema",
        "type": "github"
      }
    },
    "gen-scope": {
      "inputs": {
        "gen-graph": "gen-graph_3",
        "gen-identity": [
          "gen-identity"
        ],
        "gen-prelude": "gen-prelude_13"
      },
      "locked": {
        "lastModified": 1789782274,
        "narHash": "sha256-7OIR3dVJ/fiGSsNFsd/3Iga/GT+RwxWyTsqqrbHKTCg=",
        "owner": "sini",
        "repo": "gen-scope",
        "rev": "f707cff036c2da27ae2982a7e8f4cfe11962d72c",
        "type": "github"
      },
      "original": {
        "owner": "sini",
        "repo": "gen-scope",
        "type": "github"
      }
    },
    "gen-types": {
      "inputs": {
        "gen-identity": "gen-identity",
        "gen-prelude": "gen-prelude_4"
      },
      "locked": {
        "lastModified": 1789782206,
        "narHash": "sha256-gaxg3+Jg6e/mNa9lHYRB30fKm1KX/uy6+yfYne411dk=",
        "owner": "sini",
        "repo": "gen-types",
        "rev": "741d8b0f2da0adbf55ad090c0a8f4ba9f24b8bb5",
        "type": "github"
      },
      "original": {
        "owner": "sini",
        "repo": "gen-types",
        "type": "github"
      }
    },
    "gen-types_2": {
      "inputs": {
        "gen-identity": "gen-identity_3",
        "gen-prelude": "gen-prelude_10"
      },
      "locked": {
        "lastModified": 1789782206,
        "narHash": "sha256-gaxg3+Jg6e/mNa9lHYRB30fKm1KX/uy6+yfYne411dk=",
        "owner": "sini",
        "repo": "gen-types",
        "rev": "741d8b0f2da0adbf55ad090c0a8f4ba9f24b8bb5",
        "type": "github"
      },
      "original": {
        "owner": "sini",
        "repo": "gen-types",
        "type": "github"
      }
    },
    "gen-view": {
      "inputs": {
        "gen-graph": "gen-graph_4",
        "gen-prelude": "gen-prelude_14"
      },
      "locked": {
        "lastModified": 1789782439,
        "narHash": "sha256-k81/0CyyRRlmTRqc4Yf/21btdgvt+6MOPlBW1FPGuq4=",
        "owner": "sini",
        "repo": "gen-view",
        "rev": "9297380cfd6b68c6f2a5aa8c445e302b0c9f5ed4",
        "type": "github"
      },
      "original": {
        "owner": "sini",
        "repo": "gen-view",
        "type": "github"
      }
    },
    "root": {
      "inputs": {
        "gen-algebra": "gen-algebra",
        "gen-aspects": "gen-aspects",
        "gen-identity": "gen-identity_2",
        "gen-prelude": "gen-prelude_6",
        "gen-schema": "gen-schema",
        "gen-scope": "gen-scope",
        "gen-view": "gen-view"
      }
    }
  },
  "root": "root",
  "version": 7
}
