{
  "nodes": {
    "gen-algebra": {
      "locked": {
        "lastModified": 1791339760,
        "narHash": "sha256-XdH/fRhTlGsKphoaKnzQ9ygfbH0UYR13p+Av2Yoxhtk=",
        "owner": "sini",
        "repo": "gen-algebra",
        "rev": "e62747fc0c67c44614bc3cd2fac7b1ea4f507370",
        "type": "github"
      },
      "original": {
        "owner": "sini",
        "repo": "gen-algebra",
        "type": "github"
      }
    },
    "gen-algebra_2": {
      "locked": {
        "lastModified": 1791339760,
        "narHash": "sha256-XdH/fRhTlGsKphoaKnzQ9ygfbH0UYR13p+Av2Yoxhtk=",
        "owner": "sini",
        "repo": "gen-algebra",
        "rev": "e62747fc0c67c44614bc3cd2fac7b1ea4f507370",
        "type": "github"
      },
      "original": {
        "owner": "sini",
        "repo": "gen-algebra",
        "type": "github"
      }
    },
    "gen-algebra_3": {
      "locked": {
        "lastModified": 1791339760,
        "narHash": "sha256-XdH/fRhTlGsKphoaKnzQ9ygfbH0UYR13p+Av2Yoxhtk=",
        "owner": "sini",
        "repo": "gen-algebra",
        "rev": "e62747fc0c67c44614bc3cd2fac7b1ea4f507370",
        "type": "github"
      },
      "original": {
        "owner": "sini",
        "repo": "gen-algebra",
        "type": "github"
      }
    },
    "gen-algebra_4": {
      "locked": {
        "lastModified": 1791339760,
        "narHash": "sha256-XdH/fRhTlGsKphoaKnzQ9ygfbH0UYR13p+Av2Yoxhtk=",
        "owner": "sini",
        "repo": "gen-algebra",
        "rev": "e62747fc0c67c44614bc3cd2fac7b1ea4f507370",
        "type": "github"
      },
      "original": {
        "owner": "sini",
        "repo": "gen-algebra",
        "type": "github"
      }
    },
    "gen-algebra_5": {
      "locked": {
        "lastModified": 1791339760,
        "narHash": "sha256-XdH/fRhTlGsKphoaKnzQ9ygfbH0UYR13p+Av2Yoxhtk=",
        "owner": "sini",
        "repo": "gen-algebra",
        "rev": "e62747fc0c67c44614bc3cd2fac7b1ea4f507370",
        "type": "github"
      },
      "original": {
        "owner": "sini",
        "repo": "gen-algebra",
        "type": "github"
      }
    },
    "gen-aspects": {
      "inputs": {
        "gen-algebra": "gen-algebra",
        "gen-identity": "gen-identity",
        "gen-merge": "gen-merge",
        "gen-prelude": "gen-prelude_7",
        "gen-schema": "gen-schema"
      },
      "locked": {
        "lastModified": 1791360407,
        "narHash": "sha256-6PHbYNlP5UyEx/dCsrR4DT7S56rzI57CB7Gwq/LhxU8=",
        "owner": "sini",
        "repo": "gen-aspects",
        "rev": "1fc7e7869f862f4d633170fb7370517b24475ba9",
        "type": "github"
      },
      "original": {
        "owner": "sini",
        "repo": "gen-aspects",
        "type": "github"
      }
    },
    "gen-graph": {
      "inputs": {
        "gen-prelude": "gen-prelude"
      },
      "locked": {
        "lastModified": 1791339760,
        "narHash": "sha256-acdK+/Gnqcc4xZWwMuKKt69f/uSxnQ9XH/Kz/ozEvGM=",
        "owner": "sini",
        "repo": "gen-graph",
        "rev": "5eec442ed0534d1dabd11d287bfb4266ca517231",
        "type": "github"
      },
      "original": {
        "owner": "sini",
        "repo": "gen-graph",
        "type": "github"
      }
    },
    "gen-graph_2": {
      "inputs": {
        "gen-prelude": "gen-prelude_4"
      },
      "locked": {
        "lastModified": 1791339760,
        "narHash": "sha256-acdK+/Gnqcc4xZWwMuKKt69f/uSxnQ9XH/Kz/ozEvGM=",
        "owner": "sini",
        "repo": "gen-graph",
        "rev": "5eec442ed0534d1dabd11d287bfb4266ca517231",
        "type": "github"
      },
      "original": {
        "owner": "sini",
        "repo": "gen-graph",
        "type": "github"
      }
    },
    "gen-graph_3": {
      "inputs": {
        "gen-prelude": [
          "gen-aspects",
          "gen-schema",
          "gen-prelude"
        ]
      },
      "locked": {
        "lastModified": 1791339760,
        "narHash": "sha256-acdK+/Gnqcc4xZWwMuKKt69f/uSxnQ9XH/Kz/ozEvGM=",
        "owner": "sini",
        "repo": "gen-graph",
        "rev": "5eec442ed0534d1dabd11d287bfb4266ca517231",
        "type": "github"
      },
      "original": {
        "owner": "sini",
        "repo": "gen-graph",
        "type": "github"
      }
    },
    "gen-graph_4": {
      "inputs": {
        "gen-prelude": "gen-prelude_8"
      },
      "locked": {
        "lastModified": 1791339760,
        "narHash": "sha256-acdK+/Gnqcc4xZWwMuKKt69f/uSxnQ9XH/Kz/ozEvGM=",
        "owner": "sini",
        "repo": "gen-graph",
        "rev": "5eec442ed0534d1dabd11d287bfb4266ca517231",
        "type": "github"
      },
      "original": {
        "owner": "sini",
        "repo": "gen-graph",
        "type": "github"
      }
    },
    "gen-graph_5": {
      "inputs": {
        "gen-prelude": "gen-prelude_11"
      },
      "locked": {
        "lastModified": 1791339760,
        "narHash": "sha256-acdK+/Gnqcc4xZWwMuKKt69f/uSxnQ9XH/Kz/ozEvGM=",
        "owner": "sini",
        "repo": "gen-graph",
        "rev": "5eec442ed0534d1dabd11d287bfb4266ca517231",
        "type": "github"
      },
      "original": {
        "owner": "sini",
        "repo": "gen-graph",
        "type": "github"
      }
    },
    "gen-graph_6": {
      "inputs": {
        "gen-prelude": "gen-prelude_15"
      },
      "locked": {
        "lastModified": 1791339760,
        "narHash": "sha256-acdK+/Gnqcc4xZWwMuKKt69f/uSxnQ9XH/Kz/ozEvGM=",
        "owner": "sini",
        "repo": "gen-graph",
        "rev": "5eec442ed0534d1dabd11d287bfb4266ca517231",
        "type": "github"
      },
      "original": {
        "owner": "sini",
        "repo": "gen-graph",
        "type": "github"
      }
    },
    "gen-graph_7": {
      "inputs": {
        "gen-prelude": "gen-prelude_18"
      },
      "locked": {
        "lastModified": 1791339760,
        "narHash": "sha256-acdK+/Gnqcc4xZWwMuKKt69f/uSxnQ9XH/Kz/ozEvGM=",
        "owner": "sini",
        "repo": "gen-graph",
        "rev": "5eec442ed0534d1dabd11d287bfb4266ca517231",
        "type": "github"
      },
      "original": {
        "owner": "sini",
        "repo": "gen-graph",
        "type": "github"
      }
    },
    "gen-identity": {
      "locked": {
        "lastModified": 1791339742,
        "narHash": "sha256-+f6+cWebYWRM4XLgDuXrPpa1AVykf5UaQoZWfvpfgeg=",
        "owner": "sini",
        "repo": "gen-identity",
        "rev": "6339f2332f4d2f62d7163d35cd4406fb3c91975b",
        "type": "github"
      },
      "original": {
        "owner": "sini",
        "repo": "gen-identity",
        "type": "github"
      }
    },
    "gen-identity_2": {
      "locked": {
        "lastModified": 1791339742,
        "narHash": "sha256-+f6+cWebYWRM4XLgDuXrPpa1AVykf5UaQoZWfvpfgeg=",
        "owner": "sini",
        "repo": "gen-identity",
        "rev": "6339f2332f4d2f62d7163d35cd4406fb3c91975b",
        "type": "github"
      },
      "original": {
        "owner": "sini",
        "repo": "gen-identity",
        "type": "github"
      }
    },
    "gen-identity_3": {
      "locked": {
        "lastModified": 1791339742,
        "narHash": "sha256-+f6+cWebYWRM4XLgDuXrPpa1AVykf5UaQoZWfvpfgeg=",
        "owner": "sini",
        "repo": "gen-identity",
        "rev": "6339f2332f4d2f62d7163d35cd4406fb3c91975b",
        "type": "github"
      },
      "original": {
        "owner": "sini",
        "repo": "gen-identity",
        "type": "github"
      }
    },
    "gen-identity_4": {
      "locked": {
        "lastModified": 1791339742,
        "narHash": "sha256-+f6+cWebYWRM4XLgDuXrPpa1AVykf5UaQoZWfvpfgeg=",
        "owner": "sini",
        "repo": "gen-identity",
        "rev": "6339f2332f4d2f62d7163d35cd4406fb3c91975b",
        "type": "github"
      },
      "original": {
        "owner": "sini",
        "repo": "gen-identity",
        "type": "github"
      }
    },
    "gen-identity_5": {
      "locked": {
        "lastModified": 1791339742,
        "narHash": "sha256-+f6+cWebYWRM4XLgDuXrPpa1AVykf5UaQoZWfvpfgeg=",
        "owner": "sini",
        "repo": "gen-identity",
        "rev": "6339f2332f4d2f62d7163d35cd4406fb3c91975b",
        "type": "github"
      },
      "original": {
        "owner": "sini",
        "repo": "gen-identity",
        "type": "github"
      }
    },
    "gen-identity_6": {
      "locked": {
        "lastModified": 1791339742,
        "narHash": "sha256-+f6+cWebYWRM4XLgDuXrPpa1AVykf5UaQoZWfvpfgeg=",
        "owner": "sini",
        "repo": "gen-identity",
        "rev": "6339f2332f4d2f62d7163d35cd4406fb3c91975b",
        "type": "github"
      },
      "original": {
        "owner": "sini",
        "repo": "gen-identity",
        "type": "github"
      }
    },
    "gen-identity_7": {
      "locked": {
        "lastModified": 1791339742,
        "narHash": "sha256-+f6+cWebYWRM4XLgDuXrPpa1AVykf5UaQoZWfvpfgeg=",
        "owner": "sini",
        "repo": "gen-identity",
        "rev": "6339f2332f4d2f62d7163d35cd4406fb3c91975b",
        "type": "github"
      },
      "original": {
        "owner": "sini",
        "repo": "gen-identity",
        "type": "github"
      }
    },
    "gen-identity_8": {
      "locked": {
        "lastModified": 1791339742,
        "narHash": "sha256-+f6+cWebYWRM4XLgDuXrPpa1AVykf5UaQoZWfvpfgeg=",
        "owner": "sini",
        "repo": "gen-identity",
        "rev": "6339f2332f4d2f62d7163d35cd4406fb3c91975b",
        "type": "github"
      },
      "original": {
        "owner": "sini",
        "repo": "gen-identity",
        "type": "github"
      }
    },
    "gen-memo": {
      "inputs": {
        "gen-graph": "gen-graph",
        "gen-prelude": "gen-prelude_2"
      },
      "locked": {
        "lastModified": 1791339945,
        "narHash": "sha256-btrgM62aSJAu4j35WTFAvuyIzsFWuzLTj14x7/5ve2A=",
        "owner": "sini",
        "repo": "gen-memo",
        "rev": "6876a7805fd66fd7ce46c4d8f772297f26b6cd82",
        "type": "github"
      },
      "original": {
        "owner": "sini",
        "repo": "gen-memo",
        "type": "github"
      }
    },
    "gen-memo_2": {
      "inputs": {
        "gen-graph": "gen-graph_4",
        "gen-prelude": "gen-prelude_9"
      },
      "locked": {
        "lastModified": 1791339945,
        "narHash": "sha256-btrgM62aSJAu4j35WTFAvuyIzsFWuzLTj14x7/5ve2A=",
        "owner": "sini",
        "repo": "gen-memo",
        "rev": "6876a7805fd66fd7ce46c4d8f772297f26b6cd82",
        "type": "github"
      },
      "original": {
        "owner": "sini",
        "repo": "gen-memo",
        "type": "github"
      }
    },
    "gen-memo_3": {
      "inputs": {
        "gen-graph": "gen-graph_6",
        "gen-prelude": "gen-prelude_16"
      },
      "locked": {
        "lastModified": 1791339945,
        "narHash": "sha256-btrgM62aSJAu4j35WTFAvuyIzsFWuzLTj14x7/5ve2A=",
        "owner": "sini",
        "repo": "gen-memo",
        "rev": "6876a7805fd66fd7ce46c4d8f772297f26b6cd82",
        "type": "github"
      },
      "original": {
        "owner": "sini",
        "repo": "gen-memo",
        "type": "github"
      }
    },
    "gen-merge": {
      "inputs": {
        "gen-memo": "gen-memo",
        "gen-prelude": "gen-prelude_3",
        "gen-scope": "gen-scope",
        "gen-types": "gen-types"
      },
      "locked": {
        "lastModified": 1791359931,
        "narHash": "sha256-OnNsv+O/3cPWgUa6dheHi0tvPnZ6zkOWtiymaPK6CVQ=",
        "owner": "sini",
        "repo": "gen-merge",
        "rev": "7619c2486650c8ac2148823b49c6865c8c2d477e",
        "type": "github"
      },
      "original": {
        "owner": "sini",
        "repo": "gen-merge",
        "type": "github"
      }
    },
    "gen-merge_2": {
      "inputs": {
        "gen-memo": "gen-memo_2",
        "gen-prelude": "gen-prelude_10",
        "gen-scope": "gen-scope_2",
        "gen-types": "gen-types_2"
      },
      "locked": {
        "lastModified": 1791358110,
        "narHash": "sha256-obXm1KqbrROQlT9F3FnPjaDwFoDGKOHluAmVo4ezVjU=",
        "owner": "sini",
        "repo": "gen-merge",
        "rev": "82d9fa217cfcc675629861c982e6794f122d3a62",
        "type": "github"
      },
      "original": {
        "owner": "sini",
        "repo": "gen-merge",
        "type": "github"
      }
    },
    "gen-merge_3": {
      "inputs": {
        "gen-memo": "gen-memo_3",
        "gen-prelude": "gen-prelude_17",
        "gen-scope": "gen-scope_3",
        "gen-types": "gen-types_3"
      },
      "locked": {
        "lastModified": 1791360563,
        "narHash": "sha256-stL3kdjDFCvx/3hE1BzwO5DpCNxzJ6z+6pCR06lyd5I=",
        "owner": "sini",
        "repo": "gen-merge",
        "rev": "921d39e1fb27053a4d2a7040b9b1b4266034f074",
        "type": "github"
      },
      "original": {
        "owner": "sini",
        "repo": "gen-merge",
        "type": "github"
      }
    },
    "gen-prelude": {
      "locked": {
        "lastModified": 1791339742,
        "narHash": "sha256-kdkEjOcOLu+ZiLAnfkZWSv6CJIS2Uud80RIXfGxePJo=",
        "owner": "sini",
        "repo": "gen-prelude",
        "rev": "7f80026464d2b6a2837784022517c6ec2ab5ea57",
        "type": "github"
      },
      "original": {
        "owner": "sini",
        "repo": "gen-prelude",
        "type": "github"
      }
    },
    "gen-prelude_10": {
      "locked": {
        "lastModified": 1791339742,
        "narHash": "sha256-kdkEjOcOLu+ZiLAnfkZWSv6CJIS2Uud80RIXfGxePJo=",
        "owner": "sini",
        "repo": "gen-prelude",
        "rev": "7f80026464d2b6a2837784022517c6ec2ab5ea57",
        "type": "github"
      },
      "original": {
        "owner": "sini",
        "repo": "gen-prelude",
        "type": "github"
      }
    },
    "gen-prelude_11": {
      "locked": {
        "lastModified": 1791339742,
        "narHash": "sha256-kdkEjOcOLu+ZiLAnfkZWSv6CJIS2Uud80RIXfGxePJo=",
        "owner": "sini",
        "repo": "gen-prelude",
        "rev": "7f80026464d2b6a2837784022517c6ec2ab5ea57",
        "type": "github"
      },
      "original": {
        "owner": "sini",
        "repo": "gen-prelude",
        "type": "github"
      }
    },
    "gen-prelude_12": {
      "locked": {
        "lastModified": 1791339742,
        "narHash": "sha256-kdkEjOcOLu+ZiLAnfkZWSv6CJIS2Uud80RIXfGxePJo=",
        "owner": "sini",
        "repo": "gen-prelude",
        "rev": "7f80026464d2b6a2837784022517c6ec2ab5ea57",
        "type": "github"
      },
      "original": {
        "owner": "sini",
        "repo": "gen-prelude",
        "type": "github"
      }
    },
    "gen-prelude_13": {
      "locked": {
        "lastModified": 1791339742,
        "narHash": "sha256-kdkEjOcOLu+ZiLAnfkZWSv6CJIS2Uud80RIXfGxePJo=",
        "owner": "sini",
        "repo": "gen-prelude",
        "rev": "7f80026464d2b6a2837784022517c6ec2ab5ea57",
        "type": "github"
      },
      "original": {
        "owner": "sini",
        "repo": "gen-prelude",
        "type": "github"
      }
    },
    "gen-prelude_14": {
      "locked": {
        "lastModified": 1791339742,
        "narHash": "sha256-kdkEjOcOLu+ZiLAnfkZWSv6CJIS2Uud80RIXfGxePJo=",
        "owner": "sini",
        "repo": "gen-prelude",
        "rev": "7f80026464d2b6a2837784022517c6ec2ab5ea57",
        "type": "github"
      },
      "original": {
        "owner": "sini",
        "repo": "gen-prelude",
        "type": "github"
      }
    },
    "gen-prelude_15": {
      "locked": {
        "lastModified": 1791339742,
        "narHash": "sha256-kdkEjOcOLu+ZiLAnfkZWSv6CJIS2Uud80RIXfGxePJo=",
        "owner": "sini",
        "repo": "gen-prelude",
        "rev": "7f80026464d2b6a2837784022517c6ec2ab5ea57",
        "type": "github"
      },
      "original": {
        "owner": "sini",
        "repo": "gen-prelude",
        "type": "github"
      }
    },
    "gen-prelude_16": {
      "locked": {
        "lastModified": 1791339742,
        "narHash": "sha256-kdkEjOcOLu+ZiLAnfkZWSv6CJIS2Uud80RIXfGxePJo=",
        "owner": "sini",
        "repo": "gen-prelude",
        "rev": "7f80026464d2b6a2837784022517c6ec2ab5ea57",
        "type": "github"
      },
      "original": {
        "owner": "sini",
        "repo": "gen-prelude",
        "type": "github"
      }
    },
    "gen-prelude_17": {
      "locked": {
        "lastModified": 1791339742,
        "narHash": "sha256-kdkEjOcOLu+ZiLAnfkZWSv6CJIS2Uud80RIXfGxePJo=",
        "owner": "sini",
        "repo": "gen-prelude",
        "rev": "7f80026464d2b6a2837784022517c6ec2ab5ea57",
        "type": "github"
      },
      "original": {
        "owner": "sini",
        "repo": "gen-prelude",
        "type": "github"
      }
    },
    "gen-prelude_18": {
      "locked": {
        "lastModified": 1791339742,
        "narHash": "sha256-kdkEjOcOLu+ZiLAnfkZWSv6CJIS2Uud80RIXfGxePJo=",
        "owner": "sini",
        "repo": "gen-prelude",
        "rev": "7f80026464d2b6a2837784022517c6ec2ab5ea57",
        "type": "github"
      },
      "original": {
        "owner": "sini",
        "repo": "gen-prelude",
        "type": "github"
      }
    },
    "gen-prelude_19": {
      "locked": {
        "lastModified": 1791339742,
        "narHash": "sha256-kdkEjOcOLu+ZiLAnfkZWSv6CJIS2Uud80RIXfGxePJo=",
        "owner": "sini",
        "repo": "gen-prelude",
        "rev": "7f80026464d2b6a2837784022517c6ec2ab5ea57",
        "type": "github"
      },
      "original": {
        "owner": "sini",
        "repo": "gen-prelude",
        "type": "github"
      }
    },
    "gen-prelude_2": {
      "locked": {
        "lastModified": 1791339742,
        "narHash": "sha256-kdkEjOcOLu+ZiLAnfkZWSv6CJIS2Uud80RIXfGxePJo=",
        "owner": "sini",
        "repo": "gen-prelude",
        "rev": "7f80026464d2b6a2837784022517c6ec2ab5ea57",
        "type": "github"
      },
      "original": {
        "owner": "sini",
        "repo": "gen-prelude",
        "type": "github"
      }
    },
    "gen-prelude_20": {
      "locked": {
        "lastModified": 1791339742,
        "narHash": "sha256-kdkEjOcOLu+ZiLAnfkZWSv6CJIS2Uud80RIXfGxePJo=",
        "owner": "sini",
        "repo": "gen-prelude",
        "rev": "7f80026464d2b6a2837784022517c6ec2ab5ea57",
        "type": "github"
      },
      "original": {
        "owner": "sini",
        "repo": "gen-prelude",
        "type": "github"
      }
    },
    "gen-prelude_21": {
      "locked": {
        "lastModified": 1791358128,
        "narHash": "sha256-inoC6bPiY4bxzQjC0DyXno5bnM0/cPdFYCiHJ3utJoY=",
        "owner": "sini",
        "repo": "gen-prelude",
        "rev": "0d3539d9ffaa4cc100b284d9c40e6d2e819a016d",
        "type": "github"
      },
      "original": {
        "owner": "sini",
        "repo": "gen-prelude",
        "type": "github"
      }
    },
    "gen-prelude_3": {
      "locked": {
        "lastModified": 1791339742,
        "narHash": "sha256-kdkEjOcOLu+ZiLAnfkZWSv6CJIS2Uud80RIXfGxePJo=",
        "owner": "sini",
        "repo": "gen-prelude",
        "rev": "7f80026464d2b6a2837784022517c6ec2ab5ea57",
        "type": "github"
      },
      "original": {
        "owner": "sini",
        "repo": "gen-prelude",
        "type": "github"
      }
    },
    "gen-prelude_4": {
      "locked": {
        "lastModified": 1791339742,
        "narHash": "sha256-kdkEjOcOLu+ZiLAnfkZWSv6CJIS2Uud80RIXfGxePJo=",
        "owner": "sini",
        "repo": "gen-prelude",
        "rev": "7f80026464d2b6a2837784022517c6ec2ab5ea57",
        "type": "github"
      },
      "original": {
        "owner": "sini",
        "repo": "gen-prelude",
        "type": "github"
      }
    },
    "gen-prelude_5": {
      "locked": {
        "lastModified": 1791339742,
        "narHash": "sha256-kdkEjOcOLu+ZiLAnfkZWSv6CJIS2Uud80RIXfGxePJo=",
        "owner": "sini",
        "repo": "gen-prelude",
        "rev": "7f80026464d2b6a2837784022517c6ec2ab5ea57",
        "type": "github"
      },
      "original": {
        "owner": "sini",
        "repo": "gen-prelude",
        "type": "github"
      }
    },
    "gen-prelude_6": {
      "locked": {
        "lastModified": 1791339742,
        "narHash": "sha256-kdkEjOcOLu+ZiLAnfkZWSv6CJIS2Uud80RIXfGxePJo=",
        "owner": "sini",
        "repo": "gen-prelude",
        "rev": "7f80026464d2b6a2837784022517c6ec2ab5ea57",
        "type": "github"
      },
      "original": {
        "owner": "sini",
        "repo": "gen-prelude",
        "type": "github"
      }
    },
    "gen-prelude_7": {
      "locked": {
        "lastModified": 1791339742,
        "narHash": "sha256-kdkEjOcOLu+ZiLAnfkZWSv6CJIS2Uud80RIXfGxePJo=",
        "owner": "sini",
        "repo": "gen-prelude",
        "rev": "7f80026464d2b6a2837784022517c6ec2ab5ea57",
        "type": "github"
      },
      "original": {
        "owner": "sini",
        "repo": "gen-prelude",
        "type": "github"
      }
    },
    "gen-prelude_8": {
      "locked": {
        "lastModified": 1791339742,
        "narHash": "sha256-kdkEjOcOLu+ZiLAnfkZWSv6CJIS2Uud80RIXfGxePJo=",
        "owner": "sini",
        "repo": "gen-prelude",
        "rev": "7f80026464d2b6a2837784022517c6ec2ab5ea57",
        "type": "github"
      },
      "original": {
        "owner": "sini",
        "repo": "gen-prelude",
        "type": "github"
      }
    },
    "gen-prelude_9": {
      "locked": {
        "lastModified": 1791339742,
        "narHash": "sha256-kdkEjOcOLu+ZiLAnfkZWSv6CJIS2Uud80RIXfGxePJo=",
        "owner": "sini",
        "repo": "gen-prelude",
        "rev": "7f80026464d2b6a2837784022517c6ec2ab5ea57",
        "type": "github"
      },
      "original": {
        "owner": "sini",
        "repo": "gen-prelude",
        "type": "github"
      }
    },
    "gen-schema": {
      "inputs": {
        "gen-algebra": "gen-algebra_3",
        "gen-graph": "gen-graph_3",
        "gen-identity": "gen-identity_4",
        "gen-merge": "gen-merge_2",
        "gen-prelude": "gen-prelude_14"
      },
      "locked": {
        "lastModified": 1791359987,
        "narHash": "sha256-ic+8a1j1yV3q5I8ouUJ6vzaJgje6DbUDs+2BXMHctM8=",
        "owner": "sini",
        "repo": "gen-schema",
        "rev": "6cde1fc6af2c8db374c23132ea38e6af25305906",
        "type": "github"
      },
      "original": {
        "owner": "sini",
        "repo": "gen-schema",
        "type": "github"
      }
    },
    "gen-scope": {
      "inputs": {
        "gen-graph": "gen-graph_2",
        "gen-identity": "gen-identity_2",
        "gen-prelude": "gen-prelude_5"
      },
      "locked": {
        "lastModified": 1791339910,
        "narHash": "sha256-CDP1lEFFhz8PTL2BuFbEYuyHIr6tw7zsY+UycRHGO20=",
        "owner": "sini",
        "repo": "gen-scope",
        "rev": "1cd42fe37e0eec17e5bac5547e7a9ac65317c76c",
        "type": "github"
      },
      "original": {
        "owner": "sini",
        "repo": "gen-scope",
        "type": "github"
      }
    },
    "gen-scope_2": {
      "inputs": {
        "gen-graph": "gen-graph_5",
        "gen-identity": "gen-identity_5",
        "gen-prelude": "gen-prelude_12"
      },
      "locked": {
        "lastModified": 1791339910,
        "narHash": "sha256-CDP1lEFFhz8PTL2BuFbEYuyHIr6tw7zsY+UycRHGO20=",
        "owner": "sini",
        "repo": "gen-scope",
        "rev": "1cd42fe37e0eec17e5bac5547e7a9ac65317c76c",
        "type": "github"
      },
      "original": {
        "owner": "sini",
        "repo": "gen-scope",
        "type": "github"
      }
    },
    "gen-scope_3": {
      "inputs": {
        "gen-graph": "gen-graph_7",
        "gen-identity": "gen-identity_7",
        "gen-prelude": "gen-prelude_19"
      },
      "locked": {
        "lastModified": 1791339910,
        "narHash": "sha256-CDP1lEFFhz8PTL2BuFbEYuyHIr6tw7zsY+UycRHGO20=",
        "owner": "sini",
        "repo": "gen-scope",
        "rev": "1cd42fe37e0eec17e5bac5547e7a9ac65317c76c",
        "type": "github"
      },
      "original": {
        "owner": "sini",
        "repo": "gen-scope",
        "type": "github"
      }
    },
    "gen-types": {
      "inputs": {
        "gen-algebra": "gen-algebra_2",
        "gen-identity": "gen-identity_3",
        "gen-prelude": "gen-prelude_6"
      },
      "locked": {
        "lastModified": 1791339774,
        "narHash": "sha256-b0zfgrIRyE5Z3Bw3CA9N+u7n1iVomnzUaQyWoXNbjDw=",
        "owner": "sini",
        "repo": "gen-types",
        "rev": "39c7282ce2a013e3c51cbe22e48d0e18b9c4af36",
        "type": "github"
      },
      "original": {
        "owner": "sini",
        "repo": "gen-types",
        "type": "github"
      }
    },
    "gen-types_2": {
      "inputs": {
        "gen-algebra": "gen-algebra_4",
        "gen-identity": "gen-identity_6",
        "gen-prelude": "gen-prelude_13"
      },
      "locked": {
        "lastModified": 1791339774,
        "narHash": "sha256-b0zfgrIRyE5Z3Bw3CA9N+u7n1iVomnzUaQyWoXNbjDw=",
        "owner": "sini",
        "repo": "gen-types",
        "rev": "39c7282ce2a013e3c51cbe22e48d0e18b9c4af36",
        "type": "github"
      },
      "original": {
        "owner": "sini",
        "repo": "gen-types",
        "type": "github"
      }
    },
    "gen-types_3": {
      "inputs": {
        "gen-algebra": "gen-algebra_5",
        "gen-identity": "gen-identity_8",
        "gen-prelude": "gen-prelude_20"
      },
      "locked": {
        "lastModified": 1791339774,
        "narHash": "sha256-b0zfgrIRyE5Z3Bw3CA9N+u7n1iVomnzUaQyWoXNbjDw=",
        "owner": "sini",
        "repo": "gen-types",
        "rev": "39c7282ce2a013e3c51cbe22e48d0e18b9c4af36",
        "type": "github"
      },
      "original": {
        "owner": "sini",
        "repo": "gen-types",
        "type": "github"
      }
    },
    "root": {
      "inputs": {
        "gen-aspects": "gen-aspects",
        "gen-merge": "gen-merge_3",
        "gen-prelude": "gen-prelude_21"
      }
    }
  },
  "root": "root",
  "version": 7
}
